PODS:
  - Alamofire (4.8.0)
  - Firebase/AdMob (5.14.0):
    - Firebase/Core
    - Google-Mobile-Ads-SDK (~> 7.36)
  - Firebase/Core (5.14.0):
    - Firebase/CoreOnly
    - FirebaseAnalytics (= 5.4.0)
  - Firebase/CoreOnly (5.14.0):
    - FirebaseCore (= 5.1.9)
  - FirebaseAnalytics (5.4.0):
    - FirebaseCore (~> 5.1)
    - FirebaseInstanceID (~> 3.3)
    - GoogleAppMeasurement (= 5.4.0)
    - GoogleUtilities/AppDelegateSwizzler (~> 5.2)
    - GoogleUtilities/MethodSwizzler (~> 5.2)
    - GoogleUtilities/Network (~> 5.2)
    - "GoogleUtilities/NSData+zlib (~> 5.2)"
    - nanopb (~> 0.3)
  - FirebaseCore (5.1.9):
    - GoogleUtilities/Logger (~> 5.2)
  - FirebaseInstanceID (3.3.0):
    - FirebaseCore (~> 5.1)
    - GoogleUtilities/Environment (~> 5.3)
    - GoogleUtilities/UserDefaults (~> 5.3)
  - Google-Mobile-Ads-SDK (7.36.0)
  - GoogleAppMeasurement (5.4.0):
    - GoogleUtilities/AppDelegateSwizzler (~> 5.2)
    - GoogleUtilities/MethodSwizzler (~> 5.2)
    - GoogleUtilities/Network (~> 5.2)
    - "GoogleUtilities/NSData+zlib (~> 5.2)"
    - nanopb (~> 0.3)
  - GoogleUtilities/AppDelegateSwizzler (5.3.6):
    - GoogleUtilities/Environment
    - GoogleUtilities/Logger
    - GoogleUtilities/Network
  - GoogleUtilities/Environment (5.3.6)
  - GoogleUtilities/Logger (5.3.6):
    - GoogleUtilities/Environment
  - GoogleUtilities/MethodSwizzler (5.3.6):
    - GoogleUtilities/Logger
  - GoogleUtilities/Network (5.3.6):
    - GoogleUtilities/Logger
    - "GoogleUtilities/NSData+zlib"
    - GoogleUtilities/Reachability
  - "GoogleUtilities/NSData+zlib (5.3.6)"
  - GoogleUtilities/Reachability (5.3.6):
    - GoogleUtilities/Logger
  - GoogleUtilities/UserDefaults (5.3.6):
    - GoogleUtilities/Logger
  - HandyJSON (4.2.1)
  - IQKeyboardManagerSwift (6.2.0)
  - Kingfisher (4.10.1)
  - MagicalRecord (2.3.2):
    - MagicalRecord/Core (= 2.3.2)
  - MagicalRecord/Core (2.3.2)
  - MJRefresh (3.1.15.7)
  - Moya (12.0.1):
    - Moya/Core (= 12.0.1)
  - Moya/Core (12.0.1):
    - Alamofire (~> 4.1)
    - Result (~> 4.0)
  - nanopb (0.3.901):
    - nanopb/decode (= 0.3.901)
    - nanopb/encode (= 0.3.901)
  - nanopb/decode (0.3.901)
  - nanopb/encode (0.3.901)
  - Result (4.0.0)
  - SDWebImage (5.0.0-beta3):
    - SDWebImage/Core (= 5.0.0-beta3)
  - SDWebImage/Core (5.0.0-beta3)
  - SnapKit (4.2.0)
  - SwiftFCXRefresh (0.1.1)
  - SwiftyJSON (4.2.0)
  - SwiftyUserDefaults (3.0.1)
  - UMengAnalytics-NO-IDFA (4.2.5)

DEPENDENCIES:
  - Alamofire
  - Firebase/AdMob
  - Firebase/Core
  - HandyJSON
  - IQKeyboardManagerSwift
  - Kingfisher
  - MagicalRecord
  - MJRefresh (~> 3.1.15.7)
  - Moya
  - SDWebImage (~> 5.0.0-beta3)
  - SnapKit
  - SwiftFCXRefresh
  - SwiftyJSON
  - SwiftyUserDefaults
  - UMengAnalytics-NO-IDFA

SPEC REPOS:
  https://github.com/cocoapods/specs.git:
    - Alamofire
    - Firebase
    - FirebaseAnalytics
    - FirebaseCore
    - FirebaseInstanceID
    - Google-Mobile-Ads-SDK
    - GoogleAppMeasurement
    - GoogleUtilities
    - HandyJSON
    - IQKeyboardManagerSwift
    - Kingfisher
    - MagicalRecord
    - MJRefresh
    - Moya
    - nanopb
    - Result
    - SDWebImage
    - SnapKit
    - SwiftFCXRefresh
    - SwiftyJSON
    - SwiftyUserDefaults
    - UMengAnalytics-NO-IDFA

SPEC CHECKSUMS:
  Alamofire: 3ec537f71edc9804815215393ae2b1a8ea33a844
  Firebase: 963d5685fae888a56d6d4d9cfce6b9c976958798
  FirebaseAnalytics: c06f9d70577d79074214700a71fd5d39de5550fb
  FirebaseCore: 8f49b70f57ab5cbb032ef41d64992ded21606459
  FirebaseInstanceID: e2fa4cb35ef5558c200f7f0ad8a53e212215f93e
  Google-Mobile-Ads-SDK: 5bb4d2cea811842e104a24780caef63b4808e1bd
  GoogleAppMeasurement: 98b71f5e04142793729a5ef23e5b96651ff4b70f
  GoogleUtilities: 95996bea7c7d9b8fb811b7507669a4a8762f80c7
  HandyJSON: d0c5fc80204f29056d59d3e5c4587fa0b16b60a8
  IQKeyboardManagerSwift: b07ccf9d8cafe993dcd6cb794eb4ba34611a0c4e
  Kingfisher: c148cd7b47ebde9989f6bc7c27dcaa79d81279a0
  MagicalRecord: 53bed74b4323b930992a725be713e53b37d19755
  MJRefresh: 697f8ec75ebdbe9207767bb682cf0f51b0d8a41f
  Moya: cf730b3cd9e005401ef37a85143aa141a12fd38f
  nanopb: 2901f78ea1b7b4015c860c2fdd1ea2fee1a18d48
  Result: 7645bb3f50c2ce726dd0ff2fa7b6f42bbe6c3713
  SDWebImage: e52654ceef9fdc19f4c612d64a5b6d3f05dd81a4
  SnapKit: fe8a619752f3f27075cc9a90244d75c6c3f27e2a
  SwiftFCXRefresh: 74cad61a77485cb510a23b485913039f347e67ce
  SwiftyJSON: c4bcba26dd9ec7a027fc8eade48e2c911f229e96
  SwiftyUserDefaults: 3d273b1739b68ada3145dc754a70ec775bc5c8be
  UMengAnalytics-NO-IDFA: 16666e32edce5be44ae5b14aaaa7f3582e09d6ab

PODFILE CHECKSUM: 85541147f4519b11fbf32728808694f03d974b2d

COCOAPODS: 1.5.3
